{
  "name": "workiq-decision-compliance",
  "version": "1.0.0",
  "lockfileVersion": 3,
  "requires": true,
  "packages": {
    "": {
      "name": "workiq-decision-compliance",
      "version": "1.0.0",
      "dependencies": {
        "@github/copilot-sdk": "^0.1.32",
        "zod": "^3.23.8"
      },
      "devDependencies": {
        "@types/node": "^22.0.0",
        "typescript": "^5.7.0"
      },
      "engines": {
        "node": ">=22.0.0"
      }
    },
    "node_modules/@github/copilot": {
      "version": "1.0.6",
      "resolved": "https://registry.npmjs.org/@github/copilot/-/copilot-1.0.6.tgz",
      "integrity": "sha512-tvON+QFJiZbaTV+VikaUOl7mvHfcpOKFD7RBFhQWorHd60H0ApRsqM7BVjfCGqDbVM9mCxsOs9PPeYpIQa6oVA==",
      "license": "SEE LICENSE IN LICENSE.md",
      "bin": {
        "copilot": "npm-loader.js"
      },
      "optionalDependencies": {
        "@github/copilot-darwin-arm64": "1.0.6",
        "@github/copilot-darwin-x64": "1.0.6",
        "@github/copilot-linux-arm64": "1.0.6",
        "@github/copilot-linux-x64": "1.0.6",
        "@github/copilot-win32-arm64": "1.0.6",
        "@github/copilot-win32-x64": "1.0.6"
      }
    },
    "node_modules/@github/copilot-darwin-arm64": {
      "version": "1.0.6",
      "resolved": "https://registry.npmjs.org/@github/copilot-darwin-arm64/-/copilot-darwin-arm64-1.0.6.tgz",
      "integrity": "sha512-696uHoGIHtCrwdV9yTX4biArddGsp0XqaEJ1lTh4SXe2bFO/5gQZXXuRY0jvfFzPkqy9QcWn+hN+THCjCsbdrg==",
      "cpu": [
        "arm64"
      ],
      "license": "SEE LICENSE IN LICENSE.md",
      "optional": true,
      "os": [
        "darwin"
      ],
      "bin": {
        "copilot-darwin-arm64": "copilot"
      }
    },
    "node_modules/@github/copilot-darwin-x64": {
      "version": "1.0.6",
      "resolved": "https://registry.npmjs.org/@github/copilot-darwin-x64/-/copilot-darwin-x64-1.0.6.tgz",
      "integrity": "sha512-K6C4kldB6NPkDSQhstOfhFiLc7zdFwOErejKeckdWHbubBZWJQMJHmpWApUNGEZqLuC1qXIJhFqUVrX66fh2Ng==",
      "cpu": [
        "x64"
      ],
      "license": "SEE LICENSE IN LICENSE.md",
      "optional": true,
      "os": [
        "darwin"
      ],
      "bin": {
        "copilot-darwin-x64": "copilot"
      }
    },
    "node_modules/@github/copilot-linux-arm64": {
      "version": "1.0.6",
      "resolved": "https://registry.npmjs.org/@github/copilot-linux-arm64/-/copilot-linux-arm64-1.0.6.tgz",
      "integrity": "sha512-TJXm8s2cUak9Z81Hrxy1iQF8EPUqq1zPH13hyP/QuCX0Q7QFzcG/4p+4dIjLGGj6AJTPpujJoXktnvmaD6Almw==",
      "cpu": [
        "arm64"
      ],
      "license": "SEE LICENSE IN LICENSE.md",
      "optional": true,
      "os": [
        "linux"
      ],
      "bin": {
        "copilot-linux-arm64": "copilot"
      }
    },
    "node_modules/@github/copilot-linux-x64": {
      "version": "1.0.6",
      "resolved": "https://registry.npmjs.org/@github/copilot-linux-x64/-/copilot-linux-x64-1.0.6.tgz",
      "integrity": "sha512-UfGyLwgICoWahlHnRIRskVpaW/hCckNsv52/uk8Qa2kkezIDPnXzsjDoAx/LPfQKu9k9s/5Gqz7+DDWmzSuvmw==",
      "cpu": [
        "x64"
      ],
      "license": "SEE LICENSE IN LICENSE.md",
      "optional": true,
      "os": [
        "linux"
      ],
      "bin": {
        "copilot-linux-x64": "copilot"
      }
    },
    "node_modules/@github/copilot-sdk": {
      "version": "0.1.32",
      "resolved": "https://registry.npmjs.org/@github/copilot-sdk/-/copilot-sdk-0.1.32.tgz",
      "integrity": "sha512-mPWM0fw1Gqc/SW8nl45K8abrFH+92fO7y6tRtRl5imjS5hGapLf/dkX5WDrgPtlsflD0c41lFXVUri5NVJwtoA==",
      "license": "MIT",
      "dependencies": {
        "@github/copilot": "^1.0.2",
        "vscode-jsonrpc": "^8.2.1",
        "zod": "^4.3.6"
      },
      "engines": {
        "node": ">=20.0.0"
      }
    },
    "node_modules/@github/copilot-sdk/node_modules/zod": {
      "version": "4.3.6",
      "resolved": "https://registry.npmjs.org/zod/-/zod-4.3.6.tgz",
      "integrity": "sha512-rftlrkhHZOcjDwkGlnUtZZkvaPHCsDATp4pGpuOOMDaTdDDXF91wuVDJoWoPsKX/3YPQ5fHuF3STjcYyKr+Qhg==",
      "license": "MIT",
      "funding": {
        "url": "https://github.com/sponsors/colinhacks"
      }
    },
    "node_modules/@github/copilot-win32-arm64": {
      "version": "1.0.6",
      "resolved": "https://registry.npmjs.org/@github/copilot-win32-arm64/-/copilot-win32-arm64-1.0.6.tgz",
      "integrity": "sha512-Z8ngaiykRlkfeig3SCnQ5OIY1dgtDxDmLzUNDn3z52T3BGh5rxSH63hTEmyycGDcj/Xc9G7vzU+ic3gN/v7r8g==",
      "cpu": [
        "arm64"
      ],
      "license": "SEE LICENSE IN LICENSE.md",
      "optional": true,
      "os": [
        "win32"
      ],
      "bin": {
        "copilot-win32-arm64": "copilot.exe"
      }
    },
    "node_modules/@github/copilot-win32-x64": {
      "version": "1.0.6",
      "resolved": "https://registry.npmjs.org/@github/copilot-win32-x64/-/copilot-win32-x64-1.0.6.tgz",
      "integrity": "sha512-iXcWtcgn1HxTs+oYNemYtcHSbOpYdH2Paw9YfvZncMTfZ9kd9QTnXWfoktivX5ae5VtZdNQMGbNX8Xrf7a0Nrg==",
      "cpu": [
        "x64"
      ],
      "license": "SEE LICENSE IN LICENSE.md",
      "optional": true,
      "os": [
        "win32"
      ],
      "bin": {
        "copilot-win32-x64": "copilot.exe"
      }
    },
    "node_modules/@types/node": {
      "version": "22.19.7",
      "resolved": "https://registry.npmjs.org/@types/node/-/node-22.19.7.tgz",
      "integrity": "sha512-MciR4AKGHWl7xwxkBa6xUGxQJ4VBOmPTF7sL+iGzuahOFaO0jHCsuEfS80pan1ef4gWId1oWOweIhrDEYLuaOw==",
      "dev": true,
      "license": "MIT",
      "dependencies": {
        "undici-types": "~6.21.0"
      }
    },
    "node_modules/typescript": {
      "version": "5.9.3",
      "resolved": "https://registry.npmjs.org/typescript/-/typescript-5.9.3.tgz",
      "integrity": "sha512-jl1vZzPDinLr9eUt3J/t7V6FgNEw9QjvBPdysz9KfQDD41fQrC2Y4vKQdiaUpFT4bXlb1RHhLpp8wtm6M5TgSw==",
      "dev": true,
      "license": "Apache-2.0",
      "bin": {
        "tsc": "bin/tsc",
        "tsserver": "bin/tsserver"
      },
      "engines": {
        "node": ">=14.17"
      }
    },
    "node_modules/undici-types": {
      "version": "6.21.0",
      "resolved": "https://registry.npmjs.org/undici-types/-/undici-types-6.21.0.tgz",
      "integrity": "sha512-iwDZqg0QAGrg9Rav5H4n0M64c3mkR59cJ6wQp+7C4nI0gsmExaedaYLNO44eT4AtBBwjbTiGPMlt2Md0T9H9JQ==",
      "dev": true,
      "license": "MIT"
    },
    "node_modules/vscode-jsonrpc": {
      "version": "8.2.1",
      "resolved": "https://registry.npmjs.org/vscode-jsonrpc/-/vscode-jsonrpc-8.2.1.tgz",
      "integrity": "sha512-kdjOSJ2lLIn7r1rtrMbbNCHjyMPfRnowdKjBQ+mGq6NAW5QY2bEZC/khaC5OR8svbbjvLEaIXkOq45e2X9BIbQ==",
      "license": "MIT",
      "engines": {
        "node": ">=14.0.0"
      }
    },
    "node_modules/zod": {
      "version": "3.25.76",
      "resolved": "https://registry.npmjs.org/zod/-/zod-3.25.76.tgz",
      "integrity": "sha512-gzUt/qt81nXsFGKIFcC3YnfEAx5NkunCfnDlvuBSSFS02bcXu4Lmea0AFIUwbLWxWPx3d9p8S5QoaujKcNQxcQ==",
      "license": "MIT",
      "funding": {
        "url": "https://github.com/sponsors/colinhacks"
      }
    }
  }
}
